
Microsoft Visual Studio Solution File, Format Version 12.00
# Visual Studio Version 17
VisualStudioVersion = 17.5.002.0
MinimumVisualStudioVersion = 10.0.40219.1
Project("{9A19103F-16F7-4668-BE54-9A1E7A4F7556}") = "my-app", "my-app.csproj", "{3BAAC535-CB38-4F76-98BF-1B96CD301DAE}"
EndProject
Global
	GlobalSection(SolutionConfigurationPlatforms) = preSolution
		Debug|Any CPU = Debug|Any CPU
		Release|Any CPU = Release|Any CPU
	EndGlobalSection
	GlobalSection(ProjectConfigurationPlatforms) = postSolution
		{3BAAC535-CB38-4F76-98BF-1B96CD301DAE}.Debug|Any CPU.ActiveCfg = Debug|Any CPU
		{3BAAC535-CB38-4F76-98BF-1B96CD301DAE}.Debug|Any CPU.Build.0 = Debug|Any CPU
		{3BAAC535-CB38-4F76-98BF-1B96CD301DAE}.Release|Any CPU.ActiveCfg = Release|Any CPU
		{3BAAC535-CB38-4F76-98BF-1B96CD301DAE}.Release|Any CPU.Build.0 = Release|Any CPU
	EndGlobalSection
	GlobalSection(SolutionProperties) = preSolution
		HideSolutionNode = FALSE
	EndGlobalSection
	GlobalSection(ExtensibilityGlobals) = postSolution
		SolutionGuid = {4B2B890F-74A4-4322-81CB-25026598BA99}
	EndGlobalSection
EndGlobal
